
Microsoft Visual Studio Solution File, Format Version 12.00
# Visual Studio 15
VisualStudioVersion = 15.0.28307.572
MinimumVisualStudioVersion = 10.0.40219.1
Project("{FAE04EC0-301F-11D3-BF4B-00C04F79EFBC}") = "duEco.Android", "duEco\duEco.Android\duEco.Android.csproj", "{4F6CC1E1-2883-412A-883B-F53A7B4E443C}"
EndProject
Project("{FAE04EC0-301F-11D3-BF4B-00C04F79EFBC}") = "duEco.iOS", "duEco\duEco.iOS\duEco.iOS.csproj", "{A417D596-3ED9-4407-A617-D283A8BEACB6}"
EndProject
Project("{FAE04EC0-301F-11D3-BF4B-00C04F79EFBC}") = "duEco", "duEco\duEco\duEco.csproj", "{4418C68E-E564-465A-BCB5-1D27DD19B958}"
EndProject
Global
	GlobalSection(SolutionConfigurationPlatforms) = preSolution
		Ad-Hoc|Any CPU = Ad-Hoc|Any CPU
		Ad-Hoc|iPhone = Ad-Hoc|iPhone
		Ad-Hoc|iPhoneSimulator = Ad-Hoc|iPhoneSimulator
		AppStore|Any CPU = AppStore|Any CPU
		AppStore|iPhone = AppStore|iPhone
		AppStore|iPhoneSimulator = AppStore|iPhoneSimulator
		Debug|Any CPU = Debug|Any CPU
		Debug|iPhone = Debug|iPhone
		Debug|iPhoneSimulator = Debug|iPhoneSimulator
		Release|Any CPU = Release|Any CPU
		Release|iPhone = Release|iPhone
		Release|iPhoneSimulator = Release|iPhoneSimulator
	EndGlobalSection
	GlobalSection(ProjectConfigurationPlatforms) = postSolution
		{4F6CC1E1-2883-412A-883B-F53A7B4E443C}.Ad-Hoc|Any CPU.ActiveCfg = Release|Any CPU
		{4F6CC1E1-2883-412A-883B-F53A7B4E443C}.Ad-Hoc|Any CPU.Build.0 = Release|Any CPU
		{4F6CC1E1-2883-412A-883B-F53A7B4E443C}.Ad-Hoc|Any CPU.Deploy.0 = Release|Any CPU
		{4F6CC1E1-2883-412A-883B-F53A7B4E443C}.Ad-Hoc|iPhone.ActiveCfg = Release|Any CPU
		{4F6CC1E1-2883-412A-883B-F53A7B4E443C}.Ad-Hoc|iPhone.Build.0 = Release|Any CPU
		{4F6CC1E1-2883-412A-883B-F53A7B4E443C}.Ad-Hoc|iPhone.Deploy.0 = Release|Any CPU
		{4F6CC1E1-2883-412A-883B-F53A7B4E443C}.Ad-Hoc|iPhoneSimulator.ActiveCfg = Release|Any CPU
		{4F6CC1E1-2883-412A-883B-F53A7B4E443C}.Ad-Hoc|iPhoneSimulator.Build.0 = Release|Any CPU
		{4F6CC1E1-2883-412A-883B-F53A7B4E443C}.Ad-Hoc|iPhoneSimulator.Deploy.0 = Release|Any CPU
		{4F6CC1E1-2883-412A-883B-F53A7B4E443C}.AppStore|Any CPU.ActiveCfg = Release|Any CPU
		{4F6CC1E1-2883-412A-883B-F53A7B4E443C}.AppStore|Any CPU.Build.0 = Release|Any CPU
		{4F6CC1E1-2883-412A-883B-F53A7B4E443C}.AppStore|Any CPU.Deploy.0 = Release|Any CPU
		{4F6CC1E1-2883-412A-883B-F53A7B4E443C}.AppStore|iPhone.ActiveCfg = Release|Any CPU
		{4F6CC1E1-2883-412A-883B-F53A7B4E443C}.AppStore|iPhone.Build.0 = Release|Any CPU
		{4F6CC1E1-2883-412A-883B-F53A7B4E443C}.AppStore|iPhone.Deploy.0 = Release|Any CPU
		{4F6CC1E1-2883-412A-883B-F53A7B4E443C}.AppStore|iPhoneSimulator.ActiveCfg = Release|Any CPU
		{4F6CC1E1-2883-412A-883B-F53A7B4E443C}.AppStore|iPhoneSimulator.Build.0 = Release|Any CPU
		{4F6CC1E1-2883-412A-883B-F53A7B4E443C}.AppStore|iPhoneSimulator.Deploy.0 = Release|Any CPU
		{4F6CC1E1-2883-412A-883B-F53A7B4E443C}.Debug|Any CPU.ActiveCfg = Debug|Any CPU
		{4F6CC1E1-2883-412A-883B-F53A7B4E443C}.Debug|Any CPU.Build.0 = Debug|Any CPU
		{4F6CC1E1-2883-412A-883B-F53A7B4E443C}.Debug|Any CPU.Deploy.0 = Debug|Any CPU
		{4F6CC1E1-2883-412A-883B-F53A7B4E443C}.Debug|iPhone.ActiveCfg = Debug|Any CPU
		{4F6CC1E1-2883-412A-883B-F53A7B4E443C}.Debug|iPhone.Build.0 = Debug|Any CPU
		{4F6CC1E1-2883-412A-883B-F53A7B4E443C}.Debug|iPhone.Deploy.0 = Debug|Any CPU
		{4F6CC1E1-2883-412A-883B-F53A7B4E443C}.Debug|iPhoneSimulator.ActiveCfg = Debug|Any CPU
		{4F6CC1E1-2883-412A-883B-F53A7B4E443C}.Debug|iPhoneSimulator.Build.0 = Debug|Any CPU
		{4F6CC1E1-2883-412A-883B-F53A7B4E443C}.Debug|iPhoneSimulator.Deploy.0 = Debug|Any CPU
		{4F6CC1E1-2883-412A-883B-F53A7B4E443C}.Release|Any CPU.ActiveCfg = Release|Any CPU
		{4F6CC1E1-2883-412A-883B-F53A7B4E443C}.Release|Any CPU.Build.0 = Release|Any CPU
		{4F6CC1E1-2883-412A-883B-F53A7B4E443C}.Release|Any CPU.Deploy.0 = Release|Any CPU
		{4F6CC1E1-2883-412A-883B-F53A7B4E443C}.Release|iPhone.ActiveCfg = Release|Any CPU
		{4F6CC1E1-2883-412A-883B-F53A7B4E443C}.Release|iPhone.Build.0 = Release|Any CPU
		{4F6CC1E1-2883-412A-883B-F53A7B4E443C}.Release|iPhone.Deploy.0 = Release|Any CPU
		{4F6CC1E1-2883-412A-883B-F53A7B4E443C}.Release|iPhoneSimulator.ActiveCfg = Release|Any CPU
		{4F6CC1E1-2883-412A-883B-F53A7B4E443C}.Release|iPhoneSimulator.Build.0 = Release|Any CPU
		{4F6CC1E1-2883-412A-883B-F53A7B4E443C}.Release|iPhoneSimulator.Deploy.0 = Release|Any CPU
		{A417D596-3ED9-4407-A617-D283A8BEACB6}.Ad-Hoc|Any CPU.ActiveCfg = Ad-Hoc|iPhone
		{A417D596-3ED9-4407-A617-D283A8BEACB6}.Ad-Hoc|Any CPU.Build.0 = Ad-Hoc|iPhone
		{A417D596-3ED9-4407-A617-D283A8BEACB6}.Ad-Hoc|Any CPU.Deploy.0 = Ad-Hoc|iPhone
		{A417D596-3ED9-4407-A617-D283A8BEACB6}.Ad-Hoc|iPhone.ActiveCfg = Ad-Hoc|iPhone
		{A417D596-3ED9-4407-A617-D283A8BEACB6}.Ad-Hoc|iPhone.Build.0 = Ad-Hoc|iPhone
		{A417D596-3ED9-4407-A617-D283A8BEACB6}.Ad-Hoc|iPhone.Deploy.0 = Ad-Hoc|iPhone
		{A417D596-3ED9-4407-A617-D283A8BEACB6}.Ad-Hoc|iPhoneSimulator.ActiveCfg = Ad-Hoc|iPhoneSimulator
		{A417D596-3ED9-4407-A617-D283A8BEACB6}.Ad-Hoc|iPhoneSimulator.Build.0 = Ad-Hoc|iPhoneSimulator
		{A417D596-3ED9-4407-A617-D283A8BEACB6}.Ad-Hoc|iPhoneSimulator.Deploy.0 = Ad-Hoc|iPhoneSimulator
		{A417D596-3ED9-4407-A617-D283A8BEACB6}.AppStore|Any CPU.ActiveCfg = AppStore|iPhone
		{A417D596-3ED9-4407-A617-D283A8BEACB6}.AppStore|Any CPU.Build.0 = AppStore|iPhone
		{A417D596-3ED9-4407-A617-D283A8BEACB6}.AppStore|Any CPU.Deploy.0 = AppStore|iPhone
		{A417D596-3ED9-4407-A617-D283A8BEACB6}.AppStore|iPhone.ActiveCfg = AppStore|iPhone
		{A417D596-3ED9-4407-A617-D283A8BEACB6}.AppStore|iPhone.Build.0 = AppStore|iPhone
		{A417D596-3ED9-4407-A617-D283A8BEACB6}.AppStore|iPhone.Deploy.0 = AppStore|iPhone
		{A417D596-3ED9-4407-A617-D283A8BEACB6}.AppStore|iPhoneSimulator.ActiveCfg = AppStore|iPhoneSimulator
		{A417D596-3ED9-4407-A617-D283A8BEACB6}.AppStore|iPhoneSimulator.Build.0 = AppStore|iPhoneSimulator
		{A417D596-3ED9-4407-A617-D283A8BEACB6}.AppStore|iPhoneSimulator.Deploy.0 = AppStore|iPhoneSimulator
		{A417D596-3ED9-4407-A617-D283A8BEACB6}.Debug|Any CPU.ActiveCfg = Debug|iPhoneSimulator
		{A417D596-3ED9-4407-A617-D283A8BEACB6}.Debug|Any CPU.Build.0 = Debug|iPhoneSimulator
		{A417D596-3ED9-4407-A617-D283A8BEACB6}.Debug|Any CPU.Deploy.0 = Debug|iPhoneSimulator
		{A417D596-3ED9-4407-A617-D283A8BEACB6}.Debug|iPhone.ActiveCfg = Debug|iPhone
		{A417D596-3ED9-4407-A617-D283A8BEACB6}.Debug|iPhone.Build.0 = Debug|iPhone
		{A417D596-3ED9-4407-A617-D283A8BEACB6}.Debug|iPhone.Deploy.0 = Debug|iPhone
		{A417D596-3ED9-4407-A617-D283A8BEACB6}.Debug|iPhoneSimulator.ActiveCfg = Debug|iPhoneSimulator
		{A417D596-3ED9-4407-A617-D283A8BEACB6}.Debug|iPhoneSimulator.Build.0 = Debug|iPhoneSimulator
		{A417D596-3ED9-4407-A617-D283A8BEACB6}.Debug|iPhoneSimulator.Deploy.0 = Debug|iPhoneSimulator
		{A417D596-3ED9-4407-A617-D283A8BEACB6}.Release|Any CPU.ActiveCfg = Release|iPhone
		{A417D596-3ED9-4407-A617-D283A8BEACB6}.Release|Any CPU.Build.0 = Release|iPhone
		{A417D596-3ED9-4407-A617-D283A8BEACB6}.Release|Any CPU.Deploy.0 = Release|iPhone
		{A417D596-3ED9-4407-A617-D283A8BEACB6}.Release|iPhone.ActiveCfg = Release|iPhone
		{A417D596-3ED9-4407-A617-D283A8BEACB6}.Release|iPhone.Build.0 = Release|iPhone
		{A417D596-3ED9-4407-A617-D283A8BEACB6}.Release|iPhone.Deploy.0 = Release|iPhone
		{A417D596-3ED9-4407-A617-D283A8BEACB6}.Release|iPhoneSimulator.ActiveCfg = Release|iPhoneSimulator
		{A417D596-3ED9-4407-A617-D283A8BEACB6}.Release|iPhoneSimulator.Build.0 = Release|iPhoneSimulator
		{A417D596-3ED9-4407-A617-D283A8BEACB6}.Release|iPhoneSimulator.Deploy.0 = Release|iPhoneSimulator
		{4418C68E-E564-465A-BCB5-1D27DD19B958}.Ad-Hoc|Any CPU.ActiveCfg = Debug|Any CPU
		{4418C68E-E564-465A-BCB5-1D27DD19B958}.Ad-Hoc|Any CPU.Build.0 = Debug|Any CPU
		{4418C68E-E564-465A-BCB5-1D27DD19B958}.Ad-Hoc|Any CPU.Deploy.0 = Debug|Any CPU
		{4418C68E-E564-465A-BCB5-1D27DD19B958}.Ad-Hoc|iPhone.ActiveCfg = Debug|Any CPU
		{4418C68E-E564-465A-BCB5-1D27DD19B958}.Ad-Hoc|iPhone.Build.0 = Debug|Any CPU
		{4418C68E-E564-465A-BCB5-1D27DD19B958}.Ad-Hoc|iPhone.Deploy.0 = Debug|Any CPU
		{4418C68E-E564-465A-BCB5-1D27DD19B958}.Ad-Hoc|iPhoneSimulator.ActiveCfg = Debug|Any CPU
		{4418C68E-E564-465A-BCB5-1D27DD19B958}.Ad-Hoc|iPhoneSimulator.Build.0 = Debug|Any CPU
		{4418C68E-E564-465A-BCB5-1D27DD19B958}.Ad-Hoc|iPhoneSimulator.Deploy.0 = Debug|Any CPU
		{4418C68E-E564-465A-BCB5-1D27DD19B958}.AppStore|Any CPU.ActiveCfg = Debug|Any CPU
		{4418C68E-E564-465A-BCB5-1D27DD19B958}.AppStore|Any CPU.Build.0 = Debug|Any CPU
		{4418C68E-E564-465A-BCB5-1D27DD19B958}.AppStore|Any CPU.Deploy.0 = Debug|Any CPU
		{4418C68E-E564-465A-BCB5-1D27DD19B958}.AppStore|iPhone.ActiveCfg = Debug|Any CPU
		{4418C68E-E564-465A-BCB5-1D27DD19B958}.AppStore|iPhone.Build.0 = Debug|Any CPU
		{4418C68E-E564-465A-BCB5-1D27DD19B958}.AppStore|iPhone.Deploy.0 = Debug|Any CPU
		{4418C68E-E564-465A-BCB5-1D27DD19B958}.AppStore|iPhoneSimulator.ActiveCfg = Debug|Any CPU
		{4418C68E-E564-465A-BCB5-1D27DD19B958}.AppStore|iPhoneSimulator.Build.0 = Debug|Any CPU
		{4418C68E-E564-465A-BCB5-1D27DD19B958}.AppStore|iPhoneSimulator.Deploy.0 = Debug|Any CPU
		{4418C68E-E564-465A-BCB5-1D27DD19B958}.Debug|Any CPU.ActiveCfg = Debug|Any CPU
		{4418C68E-E564-465A-BCB5-1D27DD19B958}.Debug|Any CPU.Build.0 = Debug|Any CPU
		{4418C68E-E564-465A-BCB5-1D27DD19B958}.Debug|Any CPU.Deploy.0 = Debug|Any CPU
		{4418C68E-E564-465A-BCB5-1D27DD19B958}.Debug|iPhone.ActiveCfg = Debug|Any CPU
		{4418C68E-E564-465A-BCB5-1D27DD19B958}.Debug|iPhone.Build.0 = Debug|Any CPU
		{4418C68E-E564-465A-BCB5-1D27DD19B958}.Debug|iPhone.Deploy.0 = Debug|Any CPU
		{4418C68E-E564-465A-BCB5-1D27DD19B958}.Debug|iPhoneSimulator.ActiveCfg = Debug|Any CPU
		{4418C68E-E564-465A-BCB5-1D27DD19B958}.Debug|iPhoneSimulator.Build.0 = Debug|Any CPU
		{4418C68E-E564-465A-BCB5-1D27DD19B958}.Debug|iPhoneSimulator.Deploy.0 = Debug|Any CPU
		{4418C68E-E564-465A-BCB5-1D27DD19B958}.Release|Any CPU.ActiveCfg = Release|Any CPU
		{4418C68E-E564-465A-BCB5-1D27DD19B958}.Release|Any CPU.Build.0 = Release|Any CPU
		{4418C68E-E564-465A-BCB5-1D27DD19B958}.Release|Any CPU.Deploy.0 = Release|Any CPU
		{4418C68E-E564-465A-BCB5-1D27DD19B958}.Release|iPhone.ActiveCfg = Release|Any CPU
		{4418C68E-E564-465A-BCB5-1D27DD19B958}.Release|iPhone.Build.0 = Release|Any CPU
		{4418C68E-E564-465A-BCB5-1D27DD19B958}.Release|iPhone.Deploy.0 = Release|Any CPU
		{4418C68E-E564-465A-BCB5-1D27DD19B958}.Release|iPhoneSimulator.ActiveCfg = Release|Any CPU
		{4418C68E-E564-465A-BCB5-1D27DD19B958}.Release|iPhoneSimulator.Build.0 = Release|Any CPU
		{4418C68E-E564-465A-BCB5-1D27DD19B958}.Release|iPhoneSimulator.Deploy.0 = Release|Any CPU
	EndGlobalSection
	GlobalSection(SolutionProperties) = preSolution
		HideSolutionNode = FALSE
	EndGlobalSection
	GlobalSection(ExtensibilityGlobals) = postSolution
		SolutionGuid = {EE987CF7-81CC-4D7F-AD51-F3FC8E574A40}
	EndGlobalSection
EndGlobal
